
Microsoft Visual Studio Solution File, Format Version 11.00
# Visual Studio 2010
Project("{FAE04EC0-301F-11D3-BF4B-00C04F79EFBC}") = "MyCalc", "MyCalc\MyCalc.csproj", "{F06AFD0A-0758-4FB2-B15F-67909EB952C2}"
EndProject
Project("{FAE04EC0-301F-11D3-BF4B-00C04F79EFBC}") = "MyCalcTest", "MyCalcTest\MyCalcTest.csproj", "{714C23B9-AA97-4677-8A96-8626E2486CA4}"
EndProject
Global
	GlobalSection(SolutionConfigurationPlatforms) = preSolution
		Debug|Any CPU = Debug|Any CPU
		Release|Any CPU = Release|Any CPU
	EndGlobalSection
	GlobalSection(ProjectConfigurationPlatforms) = postSolution
		{F06AFD0A-0758-4FB2-B15F-67909EB952C2}.Debug|Any CPU.ActiveCfg = Debug|Any CPU
		{F06AFD0A-0758-4FB2-B15F-67909EB952C2}.Debug|Any CPU.Build.0 = Debug|Any CPU
		{F06AFD0A-0758-4FB2-B15F-67909EB952C2}.Release|Any CPU.ActiveCfg = Release|Any CPU
		{F06AFD0A-0758-4FB2-B15F-67909EB952C2}.Release|Any CPU.Build.0 = Release|Any CPU
		{714C23B9-AA97-4677-8A96-8626E2486CA4}.Debug|Any CPU.ActiveCfg = Debug|Any CPU
		{714C23B9-AA97-4677-8A96-8626E2486CA4}.Debug|Any CPU.Build.0 = Debug|Any CPU
		{714C23B9-AA97-4677-8A96-8626E2486CA4}.Release|Any CPU.ActiveCfg = Release|Any CPU
		{714C23B9-AA97-4677-8A96-8626E2486CA4}.Release|Any CPU.Build.0 = Release|Any CPU
	EndGlobalSection
	GlobalSection(SolutionProperties) = preSolution
		HideSolutionNode = FALSE
	EndGlobalSection
EndGlobal
